
Microsoft Visual Studio Solution File, Format Version 12.00
# Visual Studio Version 17
VisualStudioVersion = 17.2.32616.157
MinimumVisualStudioVersion = 10.0.40219.1
Project("{FAE04EC0-301F-11D3-BF4B-00C04F79EFBC}") = "EnglishGame", "EnglishGame\EnglishGame.csproj", "{9F77D165-7359-456F-9114-0C02301518A7}"
EndProject
Project("{9A19103F-16F7-4668-BE54-9A1E7A4F7556}") = "ProccesData", "ProccesData\ProccesData.csproj", "{BBF84D30-90E7-461B-BA00-EAB432F9654F}"
EndProject
Global
	GlobalSection(SolutionConfigurationPlatforms) = preSolution
		Debug|Any CPU = Debug|Any CPU
		Release|Any CPU = Release|Any CPU
	EndGlobalSection
	GlobalSection(ProjectConfigurationPlatforms) = postSolution
		{9F77D165-7359-456F-9114-0C02301518A7}.Debug|Any CPU.ActiveCfg = Debug|Any CPU
		{9F77D165-7359-456F-9114-0C02301518A7}.Debug|Any CPU.Build.0 = Debug|Any CPU
		{9F77D165-7359-456F-9114-0C02301518A7}.Release|Any CPU.ActiveCfg = Release|Any CPU
		{9F77D165-7359-456F-9114-0C02301518A7}.Release|Any CPU.Build.0 = Release|Any CPU
		{BBF84D30-90E7-461B-BA00-EAB432F9654F}.Debug|Any CPU.ActiveCfg = Debug|Any CPU
		{BBF84D30-90E7-461B-BA00-EAB432F9654F}.Debug|Any CPU.Build.0 = Debug|Any CPU
		{BBF84D30-90E7-461B-BA00-EAB432F9654F}.Release|Any CPU.ActiveCfg = Release|Any CPU
		{BBF84D30-90E7-461B-BA00-EAB432F9654F}.Release|Any CPU.Build.0 = Release|Any CPU
	EndGlobalSection
	GlobalSection(SolutionProperties) = preSolution
		HideSolutionNode = FALSE
	EndGlobalSection
	GlobalSection(ExtensibilityGlobals) = postSolution
		SolutionGuid = {8C57C9A1-F01E-4E6F-9B4E-D88C9446982C}
	EndGlobalSection
EndGlobal
